
Microsoft Visual Studio Solution File, Format Version 12.00
# Visual Studio Version 17
VisualStudioVersion = 17.5.2.0
MinimumVisualStudioVersion = 10.0.40219.1
Project("{FAE04EC0-301F-11D3-BF4B-00C04F79EFBC}") = "Lab09-Дьяконова", "Lab09-Дьяконова.csproj", "{9924EBD3-A3F0-A13B-1F51-46DD72FDCC88}"
EndProject
Global
	GlobalSection(SolutionConfigurationPlatforms) = preSolution
		Debug|Any CPU = Debug|Any CPU
		Release|Any CPU = Release|Any CPU
	EndGlobalSection
	GlobalSection(ProjectConfigurationPlatforms) = postSolution
		{9924EBD3-A3F0-A13B-1F51-46DD72FDCC88}.Debug|Any CPU.ActiveCfg = Debug|Any CPU
		{9924EBD3-A3F0-A13B-1F51-46DD72FDCC88}.Debug|Any CPU.Build.0 = Debug|Any CPU
		{9924EBD3-A3F0-A13B-1F51-46DD72FDCC88}.Release|Any CPU.ActiveCfg = Release|Any CPU
		{9924EBD3-A3F0-A13B-1F51-46DD72FDCC88}.Release|Any CPU.Build.0 = Release|Any CPU
	EndGlobalSection
	GlobalSection(SolutionProperties) = preSolution
		HideSolutionNode = FALSE
	EndGlobalSection
	GlobalSection(ExtensibilityGlobals) = postSolution
		SolutionGuid = {B5DFF9B0-6D36-4FFD-93FF-EFA98936434B}
	EndGlobalSection
EndGlobal
